// !$*UTF8*$!
{
	archiveVersion = 1;
	classes = {
	};
	objectVersion = 50;
	objects = {

/* Begin PBXBuildFile section */
		A7768F7723ECACDE0088A416 /* AppDelegate.swift in Sources */ = {isa = PBXBuildFile; fileRef = A7768F7623ECACDE0088A416 /* AppDelegate.swift */; };
		A7768F7923ECACDE0088A416 /* ViewController.swift in Sources */ = {isa = PBXBuildFile; fileRef = A7768F7823ECACDE0088A416 /* ViewController.swift */; };
		A7768F7B23ECACE00088A416 /* Assets.xcassets in Resources */ = {isa = PBXBuildFile; fileRef = A7768F7A23ECACE00088A416 /* Assets.xcassets */; };
		A7768F7E23ECACE00088A416 /* Main.storyboard in Resources */ = {isa = PBXBuildFile; fileRef = A7768F7C23ECACE00088A416 /* Main.storyboard */; };
		A7768F8E23ECAD110088A416 /* NeumorphicView.swift in Sources */ = {isa = PBXBuildFile; fileRef = A7768F8B23ECAD110088A416 /* NeumorphicView.swift */; };
		A7768F8F23ECAD110088A416 /* Color.swift in Sources */ = {isa = PBXBuildFile; fileRef = A7768F8D23ECAD110088A416 /* Color.swift */; };
/* End PBXBuildFile section */

/* Begin PBXFileReference section */
		A7768F7323ECACDE0088A416 /* NeumorphicView.app */ = {isa = PBXFileReference; explicitFileType = wrapper.application; includeInIndex = 0; path = NeumorphicView.app; sourceTree = BUILT_PRODUCTS_DIR; };
		A7768F7623ECACDE0088A416 /* AppDelegate.swift */ = {isa = PBXFileReference; lastKnownFileType = sourcecode.swift; path = AppDelegate.swift; sourceTree = "<group>"; };
		A7768F7823ECACDE0088A416 /* ViewController.swift */ = {isa = PBXFileReference; lastKnownFileType = sourcecode.swift; path = ViewController.swift; sourceTree = "<group>"; };
		A7768F7A23ECACE00088A416 /* Assets.xcassets */ = {isa = PBXFileReference; lastKnownFileType = folder.assetcatalog; path = Assets.xcassets; sourceTree = "<group>"; };
		A7768F7D23ECACE00088A416 /* Base */ = {isa = PBXFileReference; lastKnownFileType = file.storyboard; name = Base; path = Base.lproj/Main.storyboard; sourceTree = "<group>"; };
		A7768F7F23ECACE00088A416 /* Info.plist */ = {isa = PBXFileReference; lastKnownFileType = text.plist.xml; path = Info.plist; sourceTree = "<group>"; };
		A7768F8023ECACE00088A416 /* NemorphicView.entitlements */ = {isa = PBXFileReference; lastKnownFileType = text.plist.entitlements; path = NemorphicView.entitlements; sourceTree = "<group>"; };
		A7768F8B23ECAD110088A416 /* NeumorphicView.swift */ = {isa = PBXFileReference; fileEncoding = 4; lastKnownFileType = sourcecode.swift; path = NeumorphicView.swift; sourceTree = "<group>"; };
		A7768F8D23ECAD110088A416 /* Color.swift */ = {isa = PBXFileReference; fileEncoding = 4; lastKnownFileType = sourcecode.swift; path = Color.swift; sourceTree = "<group>"; };
		A777729625B54AD0002BE0B1 /* README.md */ = {isa = PBXFileReference; lastKnownFileType = net.daringfireball.markdown; path = README.md; sourceTree = "<group>"; };
/* End PBXFileReference section */

/* Begin PBXFrameworksBuildPhase section */
		A7768F7023ECACDE0088A416 /* Frameworks */ = {
			isa = PBXFrameworksBuildPhase;
			buildActionMask = 2147483647;
			files = (
			);
			runOnlyForDeploymentPostprocessing = 0;
		};
/* End PBXFrameworksBuildPhase section */

/* Begin PBXGroup section */
		A7768F6A23ECACDE0088A416 = {
			isa = PBXGroup;
			children = (
				A777729625B54AD0002BE0B1 /* README.md */,
				A7768F7523ECACDE0088A416 /* NeumorphicView */,
				A7768F7423ECACDE0088A416 /* Products */,
			);
			sourceTree = "<group>";
		};
		A7768F7423ECACDE0088A416 /* Products */ = {
			isa = PBXGroup;
			children = (
				A7768F7323ECACDE0088A416 /* NeumorphicView.app */,
			);
			name = Products;
			sourceTree = "<group>";
		};
		A7768F7523ECACDE0088A416 /* NeumorphicView */ = {
			isa = PBXGroup;
			children = (
				A7768F8A23ECAD110088A416 /* NeumorphicView */,
				A7768F7623ECACDE0088A416 /* AppDelegate.swift */,
				A7768F7823ECACDE0088A416 /* ViewController.swift */,
				A7768F7A23ECACE00088A416 /* Assets.xcassets */,
				A7768F7C23ECACE00088A416 /* Main.storyboard */,
				A7768F7F23ECACE00088A416 /* Info.plist */,
				A7768F8023ECACE00088A416 /* NemorphicView.entitlements */,
			);
			path = NeumorphicView;
			sourceTree = "<group>";
		};
		A7768F8A23ECAD110088A416 /* NeumorphicView */ = {
			isa = PBXGroup;
			children = (
				A7768F8C23ECAD110088A416 /* Extensions */,
				A7768F8B23ECAD110088A416 /* NeumorphicView.swift */,
			);
			path = NeumorphicView;
			sourceTree = "<group>";
		};
		A7768F8C23ECAD110088A416 /* Extensions */ = {
			isa = PBXGroup;
			children = (
				A7768F8D23ECAD110088A416 /* Color.swift */,
			);
			path = Extensions;
			sourceTree = "<group>";
		};
/* End PBXGroup section */

/* Begin PBXNativeTarget section */
		A7768F7223ECACDE0088A416 /* NeumorphicView */ = {
			isa = PBXNativeTarget;
			buildConfigurationList = A7768F8323ECACE00088A416 /* Build configuration list for PBXNativeTarget "NeumorphicView" */;
			buildPhases = (
				A7768F6F23ECACDE0088A416 /* Sources */,
				A7768F7023ECACDE0088A416 /* Frameworks */,
				A7768F7123ECACDE0088A416 /* Resources */,
			);
			buildRules = (
			);
			dependencies = (
			);
			name = NeumorphicView;
			productName = NemorphicView;
			productReference = A7768F7323ECACDE0088A416 /* NeumorphicView.app */;
			productType = "com.apple.product-type.application";
		};
/* End PBXNativeTarget section */

/* Begin PBXProject section */
		A7768F6B23ECACDE0088A416 /* Project object */ = {
			isa = PBXProject;
			attributes = {
				LastSwiftUpdateCheck = 1130;
				LastUpgradeCheck = 1130;
				ORGANIZATIONNAME = "Sergii Kryvoblotskyi";
				TargetAttributes = {
					A7768F7223ECACDE0088A416 = {
						CreatedOnToolsVersion = 11.3;
					};
				};
			};
			buildConfigurationList = A7768F6E23ECACDE0088A416 /* Build configuration list for PBXProject "NeumorphicView" */;
			compatibilityVersion = "Xcode 9.3";
			developmentRegion = en;
			hasScannedForEncodings = 0;
			knownRegions = (
				en,
				Base,
			);
			mainGroup = A7768F6A23ECACDE0088A416;
			productRefGroup = A7768F7423ECACDE0088A416 /* Products */;
			projectDirPath = "";
			projectRoot = "";
			targets = (
				A7768F7223ECACDE0088A416 /* NeumorphicView */,
			);
		};
/* End PBXProject section */

/* Begin PBXResourcesBuildPhase section */
		A7768F7123ECACDE0088A416 /* Resources */ = {
			isa = PBXResourcesBuildPhase;
			buildActionMask = 2147483647;
			files = (
				A7768F7B23ECACE00088A416 /* Assets.xcassets in Resources */,
				A7768F7E23ECACE00088A416 /* Main.storyboard in Resources */,
			);
			runOnlyForDeploymentPostprocessing = 0;
		};
/* End PBXResourcesBuildPhase section */

/* Begin PBXSourcesBuildPhase section */
		A7768F6F23ECACDE0088A416 /* Sources */ = {
			isa = PBXSourcesBuildPhase;
			buildActionMask = 2147483647;
			files = (
				A7768F7923ECACDE0088A416 /* ViewController.swift in Sources */,
				A7768F8F23ECAD110088A416 /* Color.swift in Sources */,
				A7768F7723ECACDE0088A416 /* AppDelegate.swift in Sources */,
				A7768F8E23ECAD110088A416 /* NeumorphicView.swift in Sources */,
			);
			runOnlyForDeploymentPostprocessing = 0;
		};
/* End PBXSourcesBuildPhase section */

/* Begin PBXVariantGroup section */
		A7768F7C23ECACE00088A416 /* Main.storyboard */ = {
			isa = PBXVariantGroup;
			children = (
				A7768F7D23ECACE00088A416 /* Base */,
			);
			name = Main.storyboard;
			sourceTree = "<group>";
		};
/* End PBXVariantGroup section */

/* Begin XCBuildConfiguration section */
		A7768F8123ECACE00088A416 /* Debug */ = {
			isa = XCBuildConfiguration;
			buildSettings = {
				ALWAYS_SEARCH_USER_PATHS = NO;
				CLANG_ANALYZER_NONNULL = YES;
				CLANG_ANALYZER_NUMBER_OBJECT_CONVERSION = YES_AGGRESSIVE;
				CLANG_CXX_LANGUAGE_STANDARD = "gnu++14";
				CLANG_CXX_LIBRARY = "libc++";
				CLANG_ENABLE_MODULES = YES;
				CLANG_ENABLE_OBJC_ARC = YES;
				CLANG_ENABLE_OBJC_WEAK = YES;
				CLANG_WARN_BLOCK_CAPTURE_AUTORELEASING = YES;
				CLANG_WARN_BOOL_CONVERSION = YES;
				CLANG_WARN_COMMA = YES;
				CLANG_WARN_CONSTANT_CONVERSION = YES;
				CLANG_WARN_DEPRECATED_OBJC_IMPLEMENTATIONS = YES;
				CLANG_WARN_DIRECT_OBJC_ISA_USAGE = YES_ERROR;
				CLANG_WARN_DOCUMENTATION_COMMENTS = YES;
				CLANG_WARN_EMPTY_BODY = YES;
				CLANG_WARN_ENUM_CONVERSION = YES;
				CLANG_WARN_INFINITE_RECURSION = YES;
				CLANG_WARN_INT_CONVERSION = YES;
				CLANG_WARN_NON_LITERAL_NULL_CONVERSION = YES;
				CLANG_WARN_OBJC_IMPLICIT_RETAIN_SELF = YES;
				CLANG_WARN_OBJC_LITERAL_CONVERSION = YES;
				CLANG_WARN_OBJC_ROOT_CLASS = YES_ERROR;
				CLANG_WARN_RANGE_LOOP_ANALYSIS = YES;
				CLANG_WARN_STRICT_PROTOTYPES = YES;
				CLANG_WARN_SUSPICIOUS_MOVE = YES;
				CLANG_WARN_UNGUARDED_AVAILABILITY = YES_AGGRESSIVE;
				CLANG_WARN_UNREACHABLE_CODE = YES;
				CLANG_WARN__DUPLICATE_METHOD_MATCH = YES;
				COPY_PHASE_STRIP = NO;
				DEBUG_INFORMATION_FORMAT = dwarf;
				ENABLE_STRICT_OBJC_MSGSEND = YES;
				ENABLE_TESTABILITY = YES;
				GCC_C_LANGUAGE_STANDARD = gnu11;
				GCC_DYNAMIC_NO_PIC = NO;
				GCC_NO_COMMON_BLOCKS = YES;
				GCC_OPTIMIZATION_LEVEL = 0;
				GCC_PREPROCESSOR_DEFINITIONS = (
					"DEBUG=1",
					"$(inherited)",
				);
				GCC_WARN_64_TO_32_BIT_CONVERSION = YES;
				GCC_WARN_ABOUT_RETURN_TYPE = YES_ERROR;
				GCC_WARN_UNDECLARED_SELECTOR = YES;
				GCC_WARN_UNINITIALIZED_AUTOS = YES_AGGRESSIVE;
				GCC_WARN_UNUSED_FUNCTION = YES;
				GCC_WARN_UNUSED_VARIABLE = YES;
				MACOSX_DEPLOYMENT_TARGET = 10.15;
				MTL_ENABLE_DEBUG_INFO = INCLUDE_SOURCE;
				MTL_FAST_MATH = YES;
				ONLY_ACTIVE_ARCH = YES;
				SDKROOT = macosx;
				SWIFT_ACTIVE_COMPILATION_CONDITIONS = DEBUG;
				SWIFT_OPTIMIZATION_LEVEL = "-Onone";
			};
			name = Debug;
		};
		A7768F8223ECACE00088A416 /* Release */ = {
			isa = XCBuildConfiguration;
			buildSettings = {
				ALWAYS_SEARCH_USER_PATHS = NO;
				CLANG_ANALYZER_NONNULL = YES;
				CLANG_ANALYZER_NUMBER_OBJECT_CONVERSION = YES_AGGRESSIVE;
				CLANG_CXX_LANGUAGE_STANDARD = "gnu++14";
				CLANG_CXX_LIBRARY = "libc++";
				CLANG_ENABLE_MODULES = YES;
				CLANG_ENABLE_OBJC_ARC = YES;
				CLANG_ENABLE_OBJC_WEAK = YES;
				CLANG_WARN_BLOCK_CAPTURE_AUTORELEASING = YES;
				CLANG_WARN_BOOL_CONVERSION = YES;
				CLANG_WARN_COMMA = YES;
				CLANG_WARN_CONSTANT_CONVERSION = YES;
				CLANG_WARN_DEPRECATED_OBJC_IMPLEMENTATIONS = YES;
				CLANG_WARN_DIRECT_OBJC_ISA_USAGE = YES_ERROR;
				CLANG_WARN_DOCUMENTATION_COMMENTS = YES;
				CLANG_WARN_EMPTY_BODY = YES;
				CLANG_WARN_ENUM_CONVERSION = YES;
				CLANG_WARN_INFINITE_RECURSION = YES;
				CLANG_WARN_INT_CONVERSION = YES;
				CLANG_WARN_NON_LITERAL_NULL_CONVERSION = YES;
				CLANG_WARN_OBJC_IMPLICIT_RETAIN_SELF = YES;
				CLANG_WARN_OBJC_LITERAL_CONVERSION = YES;
				CLANG_WARN_OBJC_ROOT_CLASS = YES_ERROR;
				CLANG_WARN_RANGE_LOOP_ANALYSIS = YES;
				CLANG_WARN_STRICT_PROTOTYPES = YES;
				CLANG_WARN_SUSPICIOUS_MOVE = YES;
				CLANG_WARN_UNGUARDED_AVAILABILITY = YES_AGGRESSIVE;
				CLANG_WARN_UNREACHABLE_CODE = YES;
				CLANG_WARN__DUPLICATE_METHOD_MATCH = YES;
				COPY_PHASE_STRIP = NO;
				DEBUG_INFORMATION_FORMAT = "dwarf-with-dsym";
				ENABLE_NS_ASSERTIONS = NO;
				ENABLE_STRICT_OBJC_MSGSEND = YES;
				GCC_C_LANGUAGE_STANDARD = gnu11;
				GCC_NO_COMMON_BLOCKS = YES;
				GCC_WARN_64_TO_32_BIT_CONVERSION = YES;
				GCC_WARN_ABOUT_RETURN_TYPE = YES_ERROR;
				GCC_WARN_UNDECLARED_SELECTOR = YES;
				GCC_WARN_UNINITIALIZED_AUTOS = YES_AGGRESSIVE;
				GCC_WARN_UNUSED_FUNCTION = YES;
				GCC_WARN_UNUSED_VARIABLE = YES;
				MACOSX_DEPLOYMENT_TARGET = 10.15;
				MTL_ENABLE_DEBUG_INFO = NO;
				MTL_FAST_MATH = YES;
				SDKROOT = macosx;
				SWIFT_COMPILATION_MODE = wholemodule;
				SWIFT_OPTIMIZATION_LEVEL = "-O";
			};
			name = Release;
		};
		A7768F8423ECACE00088A416 /* Debug */ = {
			isa = XCBuildConfiguration;
			buildSettings = {
				ASSETCATALOG_COMPILER_APPICON_NAME = AppIcon;
				CODE_SIGN_ENTITLEMENTS = NeumorphicView/NemorphicView.entitlements;
				CODE_SIGN_STYLE = Automatic;
				COMBINE_HIDPI_IMAGES = YES;
				DEVELOPMENT_TEAM = HZDV87FDVL;
				ENABLE_HARDENED_RUNTIME = YES;
				INFOPLIST_FILE = NeumorphicView/Info.plist;
				LD_RUNPATH_SEARCH_PATHS = (
					"$(inherited)",
					"@executable_path/../Frameworks",
				);
				MACOSX_DEPLOYMENT_TARGET = 10.12;
				PRODUCT_BUNDLE_IDENTIFIER = com.krivoblotsky.NeumorphicView;
				PRODUCT_NAME = "$(TARGET_NAME)";
				SWIFT_VERSION = 5.0;
			};
			name = Debug;
		};
		A7768F8523ECACE00088A416 /* Release */ = {
			isa = XCBuildConfiguration;
			buildSettings = {
				ASSETCATALOG_COMPILER_APPICON_NAME = AppIcon;
				CODE_SIGN_ENTITLEMENTS = NeumorphicView/NemorphicView.entitlements;
				CODE_SIGN_STYLE = Automatic;
				COMBINE_HIDPI_IMAGES = YES;
				DEVELOPMENT_TEAM = HZDV87FDVL;
				ENABLE_HARDENED_RUNTIME = YES;
				INFOPLIST_FILE = NeumorphicView/Info.plist;
				LD_RUNPATH_SEARCH_PATHS = (
					"$(inherited)",
					"@executable_path/../Frameworks",
				);
				MACOSX_DEPLOYMENT_TARGET = 10.12;
				PRODUCT_BUNDLE_IDENTIFIER = com.krivoblotsky.NeumorphicView;
				PRODUCT_NAME = "$(TARGET_NAME)";
				SWIFT_VERSION = 5.0;
			};
			name = Release;
		};
/* End XCBuildConfiguration section */

/* Begin XCConfigurationList section */
		A7768F6E23ECACDE0088A416 /* Build configuration list for PBXProject "NeumorphicView" */ = {
			isa = XCConfigurationList;
			buildConfigurations = (
				A7768F8123ECACE00088A416 /* Debug */,
				A7768F8223ECACE00088A416 /* Release */,
			);
			defaultConfigurationIsVisible = 0;
			defaultConfigurationName = Release;
		};
		A7768F8323ECACE00088A416 /* Build configuration list for PBXNativeTarget "NeumorphicView" */ = {
			isa = XCConfigurationList;
			buildConfigurations = (
				A7768F8423ECACE00088A416 /* Debug */,
				A7768F8523ECACE00088A416 /* Release */,
			);
			defaultConfigurationIsVisible = 0;
			defaultConfigurationName = Release;
		};
/* End XCConfigurationList section */
	};
	rootObject = A7768F6B23ECACDE0088A416 /* Project object */;
}
